
Microsoft Visual Studio Solution File, Format Version 12.00
# Visual Studio Version 17
VisualStudioVersion = 17.0.32112.339
MinimumVisualStudioVersion = 10.0.40219.1
Project("{9A19103F-16F7-4668-BE54-9A1E7A4F7556}") = "Aha.Dns.Statistics.Common", "Aha.Dns.Statistics.Common\Aha.Dns.Statistics.Common.csproj", "{8A5252CD-3067-4105-941F-F08EDC3ED5B0}"
EndProject
Project("{9A19103F-16F7-4668-BE54-9A1E7A4F7556}") = "Aha.Dns.Statistics.ServerApi", "Aha.Dns.Statistics.ServerApi\Aha.Dns.Statistics.ServerApi.csproj", "{2B28BBCC-9985-426E-8C4E-D9BACD68FF7B}"
EndProject
Project("{9A19103F-16F7-4668-BE54-9A1E7A4F7556}") = "Aha.Dns.Statistics.CloudFunctions", "Aha.Dns.Statistics.CloudFunctions\Aha.Dns.Statistics.CloudFunctions.csproj", "{5CC7D7E2-0703-41D9-811B-AF2EE414D012}"
EndProject
Project("{9A19103F-16F7-4668-BE54-9A1E7A4F7556}") = "Aha.Dns.Statistics.WebUI", "Aha.Dns.Statistics.WebUI\Aha.Dns.Statistics.WebUI.csproj", "{EE2E93E4-E49A-4C38-823F-9AB3D1E777CE}"
EndProject
Project("{2150E333-8FDC-42A3-9474-1A3956D46DE8}") = "Solution Items", "Solution Items", "{1D0A4F0D-7488-4AC2-BCE2-051F56672E22}"
	ProjectSection(SolutionItems) = preProject
		..\CHANGELOG.md = ..\CHANGELOG.md
		..\README.md = ..\README.md
	EndProjectSection
EndProject
Global
	GlobalSection(SolutionConfigurationPlatforms) = preSolution
		Debug|Any CPU = Debug|Any CPU
		Release|Any CPU = Release|Any CPU
	EndGlobalSection
	GlobalSection(ProjectConfigurationPlatforms) = postSolution
		{8A5252CD-3067-4105-941F-F08EDC3ED5B0}.Debug|Any CPU.ActiveCfg = Debug|Any CPU
		{8A5252CD-3067-4105-941F-F08EDC3ED5B0}.Debug|Any CPU.Build.0 = Debug|Any CPU
		{8A5252CD-3067-4105-941F-F08EDC3ED5B0}.Release|Any CPU.ActiveCfg = Release|Any CPU
		{8A5252CD-3067-4105-941F-F08EDC3ED5B0}.Release|Any CPU.Build.0 = Release|Any CPU
		{2B28BBCC-9985-426E-8C4E-D9BACD68FF7B}.Debug|Any CPU.ActiveCfg = Debug|Any CPU
		{2B28BBCC-9985-426E-8C4E-D9BACD68FF7B}.Debug|Any CPU.Build.0 = Debug|Any CPU
		{2B28BBCC-9985-426E-8C4E-D9BACD68FF7B}.Release|Any CPU.ActiveCfg = Release|Any CPU
		{2B28BBCC-9985-426E-8C4E-D9BACD68FF7B}.Release|Any CPU.Build.0 = Release|Any CPU
		{5CC7D7E2-0703-41D9-811B-AF2EE414D012}.Debug|Any CPU.ActiveCfg = Debug|Any CPU
		{5CC7D7E2-0703-41D9-811B-AF2EE414D012}.Debug|Any CPU.Build.0 = Debug|Any CPU
		{5CC7D7E2-0703-41D9-811B-AF2EE414D012}.Release|Any CPU.ActiveCfg = Release|Any CPU
		{5CC7D7E2-0703-41D9-811B-AF2EE414D012}.Release|Any CPU.Build.0 = Release|Any CPU
		{EE2E93E4-E49A-4C38-823F-9AB3D1E777CE}.Debug|Any CPU.ActiveCfg = Debug|Any CPU
		{EE2E93E4-E49A-4C38-823F-9AB3D1E777CE}.Debug|Any CPU.Build.0 = Debug|Any CPU
		{EE2E93E4-E49A-4C38-823F-9AB3D1E777CE}.Release|Any CPU.ActiveCfg = Release|Any CPU
		{EE2E93E4-E49A-4C38-823F-9AB3D1E777CE}.Release|Any CPU.Build.0 = Release|Any CPU
	EndGlobalSection
	GlobalSection(SolutionProperties) = preSolution
		HideSolutionNode = FALSE
	EndGlobalSection
	GlobalSection(ExtensibilityGlobals) = postSolution
		SolutionGuid = {4E093EDC-B793-4CE1-A8C8-767454BA1280}
	EndGlobalSection
EndGlobal
